
Microsoft Visual Studio Solution File, Format Version 12.00
# Visual Studio Version 17
VisualStudioVersion = 17.14.36915.13 d17.14
MinimumVisualStudioVersion = 10.0.40219.1
Project("{FAE04EC0-301F-11D3-BF4B-00C04F79EFBC}") = "Demo_Order", "Demo_Order\Demo_Order.csproj", "{509C9CAC-4D94-456B-851E-3B08ED7810AB}"
EndProject
Global
	GlobalSection(SolutionConfigurationPlatforms) = preSolution
		Debug|Any CPU = Debug|Any CPU
		Release|Any CPU = Release|Any CPU
	EndGlobalSection
	GlobalSection(ProjectConfigurationPlatforms) = postSolution
		{509C9CAC-4D94-456B-851E-3B08ED7810AB}.Debug|Any CPU.ActiveCfg = Debug|Any CPU
		{509C9CAC-4D94-456B-851E-3B08ED7810AB}.Debug|Any CPU.Build.0 = Debug|Any CPU
		{509C9CAC-4D94-456B-851E-3B08ED7810AB}.Release|Any CPU.ActiveCfg = Release|Any CPU
		{509C9CAC-4D94-456B-851E-3B08ED7810AB}.Release|Any CPU.Build.0 = Release|Any CPU
	EndGlobalSection
	GlobalSection(SolutionProperties) = preSolution
		HideSolutionNode = FALSE
	EndGlobalSection
	GlobalSection(ExtensibilityGlobals) = postSolution
		SolutionGuid = {E85EEED7-3F4D-40B3-AC0A-2FBF774B8A38}
	EndGlobalSection
EndGlobal
